
Microsoft Visual Studio Solution File, Format Version 12.00
# Visual Studio Version 16
VisualStudioVersion = 16.0.30611.23
MinimumVisualStudioVersion = 10.0.40219.1
Project("{FAE04EC0-301F-11D3-BF4B-00C04F79EFBC}") = "WIindowsFormPaint", "WIindowsFormPaint\WIindowsFormPaint.csproj", "{7056F106-E416-4DC8-91EB-7E61D3808086}"
EndProject
Global
	GlobalSection(SolutionConfigurationPlatforms) = preSolution
		Debug|Any CPU = Debug|Any CPU
		Release|Any CPU = Release|Any CPU
	EndGlobalSection
	GlobalSection(ProjectConfigurationPlatforms) = postSolution
		{7056F106-E416-4DC8-91EB-7E61D3808086}.Debug|Any CPU.ActiveCfg = Debug|Any CPU
		{7056F106-E416-4DC8-91EB-7E61D3808086}.Debug|Any CPU.Build.0 = Debug|Any CPU
		{7056F106-E416-4DC8-91EB-7E61D3808086}.Release|Any CPU.ActiveCfg = Release|Any CPU
		{7056F106-E416-4DC8-91EB-7E61D3808086}.Release|Any CPU.Build.0 = Release|Any CPU
	EndGlobalSection
	GlobalSection(SolutionProperties) = preSolution
		HideSolutionNode = FALSE
	EndGlobalSection
	GlobalSection(ExtensibilityGlobals) = postSolution
		SolutionGuid = {D8C5784F-C3FD-4ACD-B911-4891312757DA}
	EndGlobalSection
EndGlobal
